hash: f9147eeadb519e8a9fee02160f253df3e5f877e7d54ecce38d9f823e69f26922
updated: 2016-05-02T01:45:05.958275195+09:00
imports:
- name: github.com/codegangsta/cli
  version: ff84ca213d003974c6900fdbde23332111d661c6
- name: github.com/julienschmidt/httprouter
  version: 77366a47451a56bb3ba682481eed85b64fea14e8
- name: github.com/Konboi/pold
  version: e04755fb58a35df8149a04684d0a844557dc2469
- name: github.com/pkg/errors
  version: 7a0abd8f636d0048ea2fca80a67a23ef8c0e5c7d
- name: gopkg.in/yaml.v2
  version: a83829b6f1293c91addabc89d0571c246397bbf4
devImports: []
